
Microsoft Visual Studio Solution File, Format Version 12.00
# Visual Studio Version 16
VisualStudioVersion = 16.0.30104.148
MinimumVisualStudioVersion = 10.0.40219.1
Project("{FAE04EC0-301F-11D3-BF4B-00C04F79EFBC}") = "Login", "Login\Login.csproj", "{1FB03EF5-C0F4-43D8-9E32-152EE36C80A8}"
EndProject
Project("{FAE04EC0-301F-11D3-BF4B-00C04F79EFBC}") = "UnitTestProject1", "UnitTestProject1\UnitTestProject1.csproj", "{5DB936DB-E715-43FD-AFB1-B7F8F236ACED}"
EndProject
Project("{FAE04EC0-301F-11D3-BF4B-00C04F79EFBC}") = "LoginTests", "LoginTests\LoginTests.csproj", "{E0CCB523-5930-4442-94E8-E487E72925D2}"
EndProject
Global
	GlobalSection(SolutionConfigurationPlatforms) = preSolution
		Debug|Any CPU = Debug|Any CPU
		Release|Any CPU = Release|Any CPU
	EndGlobalSection
	GlobalSection(ProjectConfigurationPlatforms) = postSolution
		{1FB03EF5-C0F4-43D8-9E32-152EE36C80A8}.Debug|Any CPU.ActiveCfg = Debug|Any CPU
		{1FB03EF5-C0F4-43D8-9E32-152EE36C80A8}.Debug|Any CPU.Build.0 = Debug|Any CPU
		{1FB03EF5-C0F4-43D8-9E32-152EE36C80A8}.Release|Any CPU.ActiveCfg = Release|Any CPU
		{1FB03EF5-C0F4-43D8-9E32-152EE36C80A8}.Release|Any CPU.Build.0 = Release|Any CPU
		{5DB936DB-E715-43FD-AFB1-B7F8F236ACED}.Debug|Any CPU.ActiveCfg = Debug|Any CPU
		{5DB936DB-E715-43FD-AFB1-B7F8F236ACED}.Debug|Any CPU.Build.0 = Debug|Any CPU
		{5DB936DB-E715-43FD-AFB1-B7F8F236ACED}.Release|Any CPU.ActiveCfg = Release|Any CPU
		{5DB936DB-E715-43FD-AFB1-B7F8F236ACED}.Release|Any CPU.Build.0 = Release|Any CPU
		{E0CCB523-5930-4442-94E8-E487E72925D2}.Debug|Any CPU.ActiveCfg = Debug|Any CPU
		{E0CCB523-5930-4442-94E8-E487E72925D2}.Debug|Any CPU.Build.0 = Debug|Any CPU
		{E0CCB523-5930-4442-94E8-E487E72925D2}.Release|Any CPU.ActiveCfg = Release|Any CPU
		{E0CCB523-5930-4442-94E8-E487E72925D2}.Release|Any CPU.Build.0 = Release|Any CPU
	EndGlobalSection
	GlobalSection(SolutionProperties) = preSolution
		HideSolutionNode = FALSE
	EndGlobalSection
	GlobalSection(ExtensibilityGlobals) = postSolution
		SolutionGuid = {6ABDB7BD-D2BB-479C-9F08-2946229B8583}
	EndGlobalSection
EndGlobal
